
Microsoft Visual Studio Solution File, Format Version 12.00
# Visual Studio 15
VisualStudioVersion = 15.0.28307.757
MinimumVisualStudioVersion = 10.0.40219.1
Project("{8BC9CEB8-8B4A-11D0-8D11-00A0C91BC942}") = "BreakoutGame", "BreakoutGame\BreakoutGame.vcxproj", "{4F3008A1-FD0F-4661-B7F4-248199E6D13B}"
EndProject
Global
	GlobalSection(SolutionConfigurationPlatforms) = preSolution
		Debug|x64 = Debug|x64
		Debug|x86 = Debug|x86
		Release|x64 = Release|x64
		Release|x86 = Release|x86
	EndGlobalSection
	GlobalSection(ProjectConfigurationPlatforms) = postSolution
		{4F3008A1-FD0F-4661-B7F4-248199E6D13B}.Debug|x64.ActiveCfg = Debug|x64
		{4F3008A1-FD0F-4661-B7F4-248199E6D13B}.Debug|x64.Build.0 = Debug|x64
		{4F3008A1-FD0F-4661-B7F4-248199E6D13B}.Debug|x86.ActiveCfg = Debug|Win32
		{4F3008A1-FD0F-4661-B7F4-248199E6D13B}.Debug|x86.Build.0 = Debug|Win32
		{4F3008A1-FD0F-4661-B7F4-248199E6D13B}.Release|x64.ActiveCfg = Release|x64
		{4F3008A1-FD0F-4661-B7F4-248199E6D13B}.Release|x64.Build.0 = Release|x64
		{4F3008A1-FD0F-4661-B7F4-248199E6D13B}.Release|x86.ActiveCfg = Release|Win32
		{4F3008A1-FD0F-4661-B7F4-248199E6D13B}.Release|x86.Build.0 = Release|Win32
	EndGlobalSection
	GlobalSection(SolutionProperties) = preSolution
		HideSolutionNode = FALSE
	EndGlobalSection
	GlobalSection(ExtensibilityGlobals) = postSolution
		SolutionGuid = {F38C2504-24C1-49D2-BAAE-F39F0B37E5CC}
	EndGlobalSection
EndGlobal
